// !$*UTF8*$!
{
	archiveVersion = 1;
	classes = {
	};
	objectVersion = 56;
	objects = {

/* Begin PBXBuildFile section */
		920E7F772B9258F000F6F63A /* PizzaExpressApp.swift in Sources */ = {isa = PBXBuildFile; fileRef = 920E7F762B9258F000F6F63A /* PizzaExpressApp.swift */; };
		920E7F792B9258F000F6F63A /* Persistence.swift in Sources */ = {isa = PBXBuildFile; fileRef = 920E7F782B9258F000F6F63A /* Persistence.swift */; };
		920E7F7C2B9258F000F6F63A /* PizzaExpress.xcdatamodeld in Sources */ = {isa = PBXBuildFile; fileRef = 920E7F7A2B9258F000F6F63A /* PizzaExpress.xcdatamodeld */; };
		920E7F7E2B9258F000F6F63A /* ContentView.swift in Sources */ = {isa = PBXBuildFile; fileRef = 920E7F7D2B9258F000F6F63A /* ContentView.swift */; };
		920E7F802B9258F100F6F63A /* Assets.xcassets in Resources */ = {isa = PBXBuildFile; fileRef = 920E7F7F2B9258F100F6F63A /* Assets.xcassets */; };
		920E7F842B9258F100F6F63A /* Preview Assets.xcassets in Resources */ = {isa = PBXBuildFile; fileRef = 920E7F832B9258F100F6F63A /* Preview Assets.xcassets */; };
		920E7F8B2B925DE500F6F63A /* MenuView2.swift in Sources */ = {isa = PBXBuildFile; fileRef = 920E7F8A2B925DE500F6F63A /* MenuView2.swift */; };
		920E7F8D2B925DFD00F6F63A /* MenuView3.swift in Sources */ = {isa = PBXBuildFile; fileRef = 920E7F8C2B925DFD00F6F63A /* MenuView3.swift */; };
		920E7F8F2B925E1A00F6F63A /* MenuDetailView.swift in Sources */ = {isa = PBXBuildFile; fileRef = 920E7F8E2B925E1A00F6F63A /* MenuDetailView.swift */; };
		920E7F912B925E3E00F6F63A /* OrderItemView.swift in Sources */ = {isa = PBXBuildFile; fileRef = 920E7F902B925E3E00F6F63A /* OrderItemView.swift */; };
		920E7F932B925E5900F6F63A /* StatusBarView.swift in Sources */ = {isa = PBXBuildFile; fileRef = 920E7F922B925E5900F6F63A /* StatusBarView.swift */; };
		920E7F952B925E7300F6F63A /* RatingsView.swift in Sources */ = {isa = PBXBuildFile; fileRef = 920E7F942B925E7300F6F63A /* RatingsView.swift */; };
		920E7F972B925E8A00F6F63A /* OrderView.swift in Sources */ = {isa = PBXBuildFile; fileRef = 920E7F962B925E8A00F6F63A /* OrderView.swift */; };
		920E7F992B925EA700F6F63A /* MenuView.swift in Sources */ = {isa = PBXBuildFile; fileRef = 920E7F982B925EA700F6F63A /* MenuView.swift */; };
		920E7F9B2B925EBB00F6F63A /* OrderDetailView.swift in Sources */ = {isa = PBXBuildFile; fileRef = 920E7F9A2B925EBB00F6F63A /* OrderDetailView.swift */; };
		920E7F9D2B925ED200F6F63A /* MenuItemView.swift in Sources */ = {isa = PBXBuildFile; fileRef = 920E7F9C2B925ED200F6F63A /* MenuItemView.swift */; };
		920E7F9F2B925EE600F6F63A /* MenuItemTileView.swift in Sources */ = {isa = PBXBuildFile; fileRef = 920E7F9E2B925EE600F6F63A /* MenuItemTileView.swift */; };
		920E7FA12B925F0500F6F63A /* FavoriteTileView.swift in Sources */ = {isa = PBXBuildFile; fileRef = 920E7FA02B925F0500F6F63A /* FavoriteTileView.swift */; };
		920E7FA32B925F2500F6F63A /* MenuGridView.swift in Sources */ = {isa = PBXBuildFile; fileRef = 920E7FA22B925F2500F6F63A /* MenuGridView.swift */; };
		920E7FA52B925F3E00F6F63A /* MenuRowView.swift in Sources */ = {isa = PBXBuildFile; fileRef = 920E7FA42B925F3E00F6F63A /* MenuRowView.swift */; };
		920E7FA72B925F6D00F6F63A /* OrderRowView.swift in Sources */ = {isa = PBXBuildFile; fileRef = 920E7FA62B925F6D00F6F63A /* OrderRowView.swift */; };
		920E7FA92B925F8200F6F63A /* HeaderView.swift in Sources */ = {isa = PBXBuildFile; fileRef = 920E7FA82B925F8200F6F63A /* HeaderView.swift */; };
		920E7FAB2B925F9A00F6F63A /* PhotoController.swift in Sources */ = {isa = PBXBuildFile; fileRef = 920E7FAA2B925F9A00F6F63A /* PhotoController.swift */; };
		920E7FAD2B925FB900F6F63A /* OrderType.swift in Sources */ = {isa = PBXBuildFile; fileRef = 920E7FAC2B925FB900F6F63A /* OrderType.swift */; };
		920E7FAF2B925FCE00F6F63A /* MenuItem.swift in Sources */ = {isa = PBXBuildFile; fileRef = 920E7FAE2B925FCE00F6F63A /* MenuItem.swift */; };
		920E7FB12B925FE300F6F63A /* OrderItem.swift in Sources */ = {isa = PBXBuildFile; fileRef = 920E7FB02B925FE300F6F63A /* OrderItem.swift */; };
		920E7FB52B92600F00F6F63A /* MenuModel.swift in Sources */ = {isa = PBXBuildFile; fileRef = 920E7FB42B92600F00F6F63A /* MenuModel.swift */; };
		FD43D2392B9E337500E4ABD3 /* README.md in Resources */ = {isa = PBXBuildFile; fileRef = FD43D2382B9E337500E4ABD3 /* README.md */; };
/* End PBXBuildFile section */

/* Begin PBXFileReference section */
		920E7F732B9258F000F6F63A /* PizzaExpress.app */ = {isa = PBXFileReference; explicitFileType = wrapper.application; includeInIndex = 0; path = PizzaExpress.app; sourceTree = BUILT_PRODUCTS_DIR; };
		920E7F762B9258F000F6F63A /* PizzaExpressApp.swift */ = {isa = PBXFileReference; lastKnownFileType = sourcecode.swift; path = PizzaExpressApp.swift; sourceTree = "<group>"; };
		920E7F782B9258F000F6F63A /* Persistence.swift */ = {isa = PBXFileReference; lastKnownFileType = sourcecode.swift; path = Persistence.swift; sourceTree = "<group>"; };
		920E7F7B2B9258F000F6F63A /* PizzaExpress.xcdatamodel */ = {isa = PBXFileReference; lastKnownFileType = wrapper.xcdatamodel; path = PizzaExpress.xcdatamodel; sourceTree = "<group>"; };
		920E7F7D2B9258F000F6F63A /* ContentView.swift */ = {isa = PBXFileReference; lastKnownFileType = sourcecode.swift; path = ContentView.swift; sourceTree = "<group>"; };
		920E7F7F2B9258F100F6F63A /* Assets.xcassets */ = {isa = PBXFileReference; lastKnownFileType = folder.assetcatalog; path = Assets.xcassets; sourceTree = "<group>"; };
		920E7F812B9258F100F6F63A /* PizzaExpress.entitlements */ = {isa = PBXFileReference; lastKnownFileType = text.plist.entitlements; path = PizzaExpress.entitlements; sourceTree = "<group>"; };
		920E7F832B9258F100F6F63A /* Preview Assets.xcassets */ = {isa = PBXFileReference; lastKnownFileType = folder.assetcatalog; path = "Preview Assets.xcassets"; sourceTree = "<group>"; };
		920E7F8A2B925DE500F6F63A /* MenuView2.swift */ = {isa = PBXFileReference; lastKnownFileType = sourcecode.swift; path = MenuView2.swift; sourceTree = "<group>"; };
		920E7F8C2B925DFD00F6F63A /* MenuView3.swift */ = {isa = PBXFileReference; lastKnownFileType = sourcecode.swift; path = MenuView3.swift; sourceTree = "<group>"; };
		920E7F8E2B925E1A00F6F63A /* MenuDetailView.swift */ = {isa = PBXFileReference; lastKnownFileType = sourcecode.swift; path = MenuDetailView.swift; sourceTree = "<group>"; };
		920E7F902B925E3E00F6F63A /* OrderItemView.swift */ = {isa = PBXFileReference; lastKnownFileType = sourcecode.swift; path = OrderItemView.swift; sourceTree = "<group>"; };
		920E7F922B925E5900F6F63A /* StatusBarView.swift */ = {isa = PBXFileReference; lastKnownFileType = sourcecode.swift; path = StatusBarView.swift; sourceTree = "<group>"; };
		920E7F942B925E7300F6F63A /* RatingsView.swift */ = {isa = PBXFileReference; lastKnownFileType = sourcecode.swift; path = RatingsView.swift; sourceTree = "<group>"; };
		920E7F962B925E8A00F6F63A /* OrderView.swift */ = {isa = PBXFileReference; lastKnownFileType = sourcecode.swift; path = OrderView.swift; sourceTree = "<group>"; };
		920E7F982B925EA700F6F63A /* MenuView.swift */ = {isa = PBXFileReference; lastKnownFileType = sourcecode.swift; path = MenuView.swift; sourceTree = "<group>"; };
		920E7F9A2B925EBB00F6F63A /* OrderDetailView.swift */ = {isa = PBXFileReference; lastKnownFileType = sourcecode.swift; path = OrderDetailView.swift; sourceTree = "<group>"; };
		920E7F9C2B925ED200F6F63A /* MenuItemView.swift */ = {isa = PBXFileReference; lastKnownFileType = sourcecode.swift; path = MenuItemView.swift; sourceTree = "<group>"; };
		920E7F9E2B925EE600F6F63A /* MenuItemTileView.swift */ = {isa = PBXFileReference; lastKnownFileType = sourcecode.swift; path = MenuItemTileView.swift; sourceTree = "<group>"; };
		920E7FA02B925F0500F6F63A /* FavoriteTileView.swift */ = {isa = PBXFileReference; lastKnownFileType = sourcecode.swift; path = FavoriteTileView.swift; sourceTree = "<group>"; };
		920E7FA22B925F2500F6F63A /* MenuGridView.swift */ = {isa = PBXFileReference; lastKnownFileType = sourcecode.swift; path = MenuGridView.swift; sourceTree = "<group>"; };
		920E7FA42B925F3E00F6F63A /* MenuRowView.swift */ = {isa = PBXFileReference; lastKnownFileType = sourcecode.swift; path = MenuRowView.swift; sourceTree = "<group>"; };
		920E7FA62B925F6D00F6F63A /* OrderRowView.swift */ = {isa = PBXFileReference; lastKnownFileType = sourcecode.swift; path = OrderRowView.swift; sourceTree = "<group>"; };
		920E7FA82B925F8200F6F63A /* HeaderView.swift */ = {isa = PBXFileReference; lastKnownFileType = sourcecode.swift; path = HeaderView.swift; sourceTree = "<group>"; };
		920E7FAA2B925F9A00F6F63A /* PhotoController.swift */ = {isa = PBXFileReference; lastKnownFileType = sourcecode.swift; path = PhotoController.swift; sourceTree = "<group>"; };
		920E7FAC2B925FB900F6F63A /* OrderType.swift */ = {isa = PBXFileReference; lastKnownFileType = sourcecode.swift; path = OrderType.swift; sourceTree = "<group>"; };
		920E7FAE2B925FCE00F6F63A /* MenuItem.swift */ = {isa = PBXFileReference; lastKnownFileType = sourcecode.swift; path = MenuItem.swift; sourceTree = "<group>"; };
		920E7FB02B925FE300F6F63A /* OrderItem.swift */ = {isa = PBXFileReference; lastKnownFileType = sourcecode.swift; path = OrderItem.swift; sourceTree = "<group>"; };
		920E7FB42B92600F00F6F63A /* MenuModel.swift */ = {isa = PBXFileReference; lastKnownFileType = sourcecode.swift; path = MenuModel.swift; sourceTree = "<group>"; };
		FD43D2382B9E337500E4ABD3 /* README.md */ = {isa = PBXFileReference; fileEncoding = 4; lastKnownFileType = net.daringfireball.markdown; path = README.md; sourceTree = SOURCE_ROOT; };
/* End PBXFileReference section */

/* Begin PBXFrameworksBuildPhase section */
		920E7F702B9258F000F6F63A /* Frameworks */ = {
			isa = PBXFrameworksBuildPhase;
			buildActionMask = 2147483647;
			files = (
			);
			runOnlyForDeploymentPostprocessing = 0;
		};
/* End PBXFrameworksBuildPhase section */

/* Begin PBXGroup section */
		920E7F6A2B9258F000F6F63A = {
			isa = PBXGroup;
			children = (
				920E7F752B9258F000F6F63A /* PizzaExpress */,
				920E7F742B9258F000F6F63A /* Products */,
			);
			sourceTree = "<group>";
		};
		920E7F742B9258F000F6F63A /* Products */ = {
			isa = PBXGroup;
			children = (
				920E7F732B9258F000F6F63A /* PizzaExpress.app */,
			);
			name = Products;
			sourceTree = "<group>";
		};
		920E7F752B9258F000F6F63A /* PizzaExpress */ = {
			isa = PBXGroup;
			children = (
				FD43D2382B9E337500E4ABD3 /* README.md */,
				920E7F762B9258F000F6F63A /* PizzaExpressApp.swift */,
				920E7F7D2B9258F000F6F63A /* ContentView.swift */,
				920E7FA82B925F8200F6F63A /* HeaderView.swift */,
				920E7FB72B92642500F6F63A /* MenuView */,
				920E7FBA2B92648E00F6F63A /* MenuItemView */,
				920E7FB92B92647D00F6F63A /* OrderView */,
				920E7FB82B92646600F6F63A /* AssistantView */,
				920E7FB62B9261A400F6F63A /* Model Code */,
				920E7F7F2B9258F100F6F63A /* Assets.xcassets */,
				920E7F812B9258F100F6F63A /* PizzaExpress.entitlements */,
				920E7F782B9258F000F6F63A /* Persistence.swift */,
				920E7F7A2B9258F000F6F63A /* PizzaExpress.xcdatamodeld */,
				920E7F822B9258F100F6F63A /* Preview Content */,
			);
			path = PizzaExpress;
			sourceTree = "<group>";
		};
		920E7F822B9258F100F6F63A /* Preview Content */ = {
			isa = PBXGroup;
			children = (
				920E7F832B9258F100F6F63A /* Preview Assets.xcassets */,
			);
			path = "Preview Content";
			sourceTree = "<group>";
		};
		920E7FB62B9261A400F6F63A /* Model Code */ = {
			isa = PBXGroup;
			children = (
				920E7FAC2B925FB900F6F63A /* OrderType.swift */,
				920E7FAE2B925FCE00F6F63A /* MenuItem.swift */,
				920E7FB02B925FE300F6F63A /* OrderItem.swift */,
				920E7FB42B92600F00F6F63A /* MenuModel.swift */,
			);
			path = "Model Code";
			sourceTree = "<group>";
		};
		920E7FB72B92642500F6F63A /* MenuView */ = {
			isa = PBXGroup;
			children = (
				920E7F982B925EA700F6F63A /* MenuView.swift */,
				920E7F8A2B925DE500F6F63A /* MenuView2.swift */,
				920E7F8C2B925DFD00F6F63A /* MenuView3.swift */,
				920E7F8E2B925E1A00F6F63A /* MenuDetailView.swift */,
			);
			path = MenuView;
			sourceTree = "<group>";
		};
		920E7FB82B92646600F6F63A /* AssistantView */ = {
			isa = PBXGroup;
			children = (
				920E7FA02B925F0500F6F63A /* FavoriteTileView.swift */,
				920E7FAA2B925F9A00F6F63A /* PhotoController.swift */,
				920E7F922B925E5900F6F63A /* StatusBarView.swift */,
				920E7F942B925E7300F6F63A /* RatingsView.swift */,
			);
			path = AssistantView;
			sourceTree = "<group>";
		};
		920E7FB92B92647D00F6F63A /* OrderView */ = {
			isa = PBXGroup;
			children = (
				920E7F962B925E8A00F6F63A /* OrderView.swift */,
				920E7F902B925E3E00F6F63A /* OrderItemView.swift */,
				920E7FA62B925F6D00F6F63A /* OrderRowView.swift */,
				920E7F9A2B925EBB00F6F63A /* OrderDetailView.swift */,
			);
			path = OrderView;
			sourceTree = "<group>";
		};
		920E7FBA2B92648E00F6F63A /* MenuItemView */ = {
			isa = PBXGroup;
			children = (
				920E7F9C2B925ED200F6F63A /* MenuItemView.swift */,
				920E7F9E2B925EE600F6F63A /* MenuItemTileView.swift */,
				920E7FA22B925F2500F6F63A /* MenuGridView.swift */,
				920E7FA42B925F3E00F6F63A /* MenuRowView.swift */,
			);
			path = MenuItemView;
			sourceTree = "<group>";
		};
/* End PBXGroup section */

/* Begin PBXNativeTarget section */
		920E7F722B9258F000F6F63A /* PizzaExpress */ = {
			isa = PBXNativeTarget;
			buildConfigurationList = 920E7F872B9258F100F6F63A /* Build configuration list for PBXNativeTarget "PizzaExpress" */;
			buildPhases = (
				920E7F6F2B9258F000F6F63A /* Sources */,
				920E7F702B9258F000F6F63A /* Frameworks */,
				920E7F712B9258F000F6F63A /* Resources */,
			);
			buildRules = (
			);
			dependencies = (
			);
			name = PizzaExpress;
			productName = PizzaExpress;
			productReference = 920E7F732B9258F000F6F63A /* PizzaExpress.app */;
			productType = "com.apple.product-type.application";
		};
/* End PBXNativeTarget section */

/* Begin PBXProject section */
		920E7F6B2B9258F000F6F63A /* Project object */ = {
			isa = PBXProject;
			attributes = {
				BuildIndependentTargetsInParallel = 1;
				LastSwiftUpdateCheck = 1510;
				LastUpgradeCheck = 1510;
				TargetAttributes = {
					920E7F722B9258F000F6F63A = {
						CreatedOnToolsVersion = 15.1;
					};
				};
			};
			buildConfigurationList = 920E7F6E2B9258F000F6F63A /* Build configuration list for PBXProject "PizzaExpress" */;
			compatibilityVersion = "Xcode 14.0";
			developmentRegion = en;
			hasScannedForEncodings = 0;
			knownRegions = (
				en,
				Base,
			);
			mainGroup = 920E7F6A2B9258F000F6F63A;
			productRefGroup = 920E7F742B9258F000F6F63A /* Products */;
			projectDirPath = "";
			projectRoot = "";
			targets = (
				920E7F722B9258F000F6F63A /* PizzaExpress */,
			);
		};
/* End PBXProject section */

/* Begin PBXResourcesBuildPhase section */
		920E7F712B9258F000F6F63A /* Resources */ = {
			isa = PBXResourcesBuildPhase;
			buildActionMask = 2147483647;
			files = (
				FD43D2392B9E337500E4ABD3 /* README.md in Resources */,
				920E7F842B9258F100F6F63A /* Preview Assets.xcassets in Resources */,
				920E7F802B9258F100F6F63A /* Assets.xcassets in Resources */,
			);
			runOnlyForDeploymentPostprocessing = 0;
		};
/* End PBXResourcesBuildPhase section */

/* Begin PBXSourcesBuildPhase section */
		920E7F6F2B9258F000F6F63A /* Sources */ = {
			isa = PBXSourcesBuildPhase;
			buildActionMask = 2147483647;
			files = (
				920E7FAF2B925FCE00F6F63A /* MenuItem.swift in Sources */,
				920E7F772B9258F000F6F63A /* PizzaExpressApp.swift in Sources */,
				920E7F992B925EA700F6F63A /* MenuView.swift in Sources */,
				920E7F8D2B925DFD00F6F63A /* MenuView3.swift in Sources */,
				920E7FAB2B925F9A00F6F63A /* PhotoController.swift in Sources */,
				920E7FB12B925FE300F6F63A /* OrderItem.swift in Sources */,
				920E7FAD2B925FB900F6F63A /* OrderType.swift in Sources */,
				920E7FB52B92600F00F6F63A /* MenuModel.swift in Sources */,
				920E7F792B9258F000F6F63A /* Persistence.swift in Sources */,
				920E7FA52B925F3E00F6F63A /* MenuRowView.swift in Sources */,
				920E7F9D2B925ED200F6F63A /* MenuItemView.swift in Sources */,
				920E7F932B925E5900F6F63A /* StatusBarView.swift in Sources */,
				920E7F8F2B925E1A00F6F63A /* MenuDetailView.swift in Sources */,
				920E7F912B925E3E00F6F63A /* OrderItemView.swift in Sources */,
				920E7F9F2B925EE600F6F63A /* MenuItemTileView.swift in Sources */,
				920E7F9B2B925EBB00F6F63A /* OrderDetailView.swift in Sources */,
				920E7FA12B925F0500F6F63A /* FavoriteTileView.swift in Sources */,
				920E7F8B2B925DE500F6F63A /* MenuView2.swift in Sources */,
				920E7FA32B925F2500F6F63A /* MenuGridView.swift in Sources */,
				920E7F952B925E7300F6F63A /* RatingsView.swift in Sources */,
				920E7FA92B925F8200F6F63A /* HeaderView.swift in Sources */,
				920E7F972B925E8A00F6F63A /* OrderView.swift in Sources */,
				920E7F7E2B9258F000F6F63A /* ContentView.swift in Sources */,
				920E7F7C2B9258F000F6F63A /* PizzaExpress.xcdatamodeld in Sources */,
				920E7FA72B925F6D00F6F63A /* OrderRowView.swift in Sources */,
			);
			runOnlyForDeploymentPostprocessing = 0;
		};
/* End PBXSourcesBuildPhase section */

/* Begin XCBuildConfiguration section */
		920E7F852B9258F100F6F63A /* Debug */ = {
			isa = XCBuildConfiguration;
			buildSettings = {
				ALWAYS_SEARCH_USER_PATHS = NO;
				ASSETCATALOG_COMPILER_GENERATE_SWIFT_ASSET_SYMBOL_EXTENSIONS = YES;
				CLANG_ANALYZER_NONNULL = YES;
				CLANG_ANALYZER_NUMBER_OBJECT_CONVERSION = YES_AGGRESSIVE;
				CLANG_CXX_LANGUAGE_STANDARD = "gnu++20";
				CLANG_ENABLE_MODULES = YES;
				CLANG_ENABLE_OBJC_ARC = YES;
				CLANG_ENABLE_OBJC_WEAK = YES;
				CLANG_WARN_BLOCK_CAPTURE_AUTORELEASING = YES;
				CLANG_WARN_BOOL_CONVERSION = YES;
				CLANG_WARN_COMMA = YES;
				CLANG_WARN_CONSTANT_CONVERSION = YES;
				CLANG_WARN_DEPRECATED_OBJC_IMPLEMENTATIONS = YES;
				CLANG_WARN_DIRECT_OBJC_ISA_USAGE = YES_ERROR;
				CLANG_WARN_DOCUMENTATION_COMMENTS = YES;
				CLANG_WARN_EMPTY_BODY = YES;
				CLANG_WARN_ENUM_CONVERSION = YES;
				CLANG_WARN_INFINITE_RECURSION = YES;
				CLANG_WARN_INT_CONVERSION = YES;
				CLANG_WARN_NON_LITERAL_NULL_CONVERSION = YES;
				CLANG_WARN_OBJC_IMPLICIT_RETAIN_SELF = YES;
				CLANG_WARN_OBJC_LITERAL_CONVERSION = YES;
				CLANG_WARN_OBJC_ROOT_CLASS = YES_ERROR;
				CLANG_WARN_QUOTED_INCLUDE_IN_FRAMEWORK_HEADER = YES;
				CLANG_WARN_RANGE_LOOP_ANALYSIS = YES;
				CLANG_WARN_STRICT_PROTOTYPES = YES;
				CLANG_WARN_SUSPICIOUS_MOVE = YES;
				CLANG_WARN_UNGUARDED_AVAILABILITY = YES_AGGRESSIVE;
				CLANG_WARN_UNREACHABLE_CODE = YES;
				CLANG_WARN__DUPLICATE_METHOD_MATCH = YES;
				COPY_PHASE_STRIP = NO;
				DEBUG_INFORMATION_FORMAT = dwarf;
				ENABLE_STRICT_OBJC_MSGSEND = YES;
				ENABLE_TESTABILITY = YES;
				ENABLE_USER_SCRIPT_SANDBOXING = YES;
				GCC_C_LANGUAGE_STANDARD = gnu17;
				GCC_DYNAMIC_NO_PIC = NO;
				GCC_NO_COMMON_BLOCKS = YES;
				GCC_OPTIMIZATION_LEVEL = 0;
				GCC_PREPROCESSOR_DEFINITIONS = (
					"DEBUG=1",
					"$(inherited)",
				);
				GCC_WARN_64_TO_32_BIT_CONVERSION = YES;
				GCC_WARN_ABOUT_RETURN_TYPE = YES_ERROR;
				GCC_WARN_UNDECLARED_SELECTOR = YES;
				GCC_WARN_UNINITIALIZED_AUTOS = YES_AGGRESSIVE;
				GCC_WARN_UNUSED_FUNCTION = YES;
				GCC_WARN_UNUSED_VARIABLE = YES;
				LOCALIZATION_PREFERS_STRING_CATALOGS = YES;
				MTL_ENABLE_DEBUG_INFO = INCLUDE_SOURCE;
				MTL_FAST_MATH = YES;
				ONLY_ACTIVE_ARCH = YES;
				SWIFT_ACTIVE_COMPILATION_CONDITIONS = "DEBUG $(inherited)";
				SWIFT_OPTIMIZATION_LEVEL = "-Onone";
			};
			name = Debug;
		};
		920E7F862B9258F100F6F63A /* Release */ = {
			isa = XCBuildConfiguration;
			buildSettings = {
				ALWAYS_SEARCH_USER_PATHS = NO;
				ASSETCATALOG_COMPILER_GENERATE_SWIFT_ASSET_SYMBOL_EXTENSIONS = YES;
				CLANG_ANALYZER_NONNULL = YES;
				CLANG_ANALYZER_NUMBER_OBJECT_CONVERSION = YES_AGGRESSIVE;
				CLANG_CXX_LANGUAGE_STANDARD = "gnu++20";
				CLANG_ENABLE_MODULES = YES;
				CLANG_ENABLE_OBJC_ARC = YES;
				CLANG_ENABLE_OBJC_WEAK = YES;
				CLANG_WARN_BLOCK_CAPTURE_AUTORELEASING = YES;
				CLANG_WARN_BOOL_CONVERSION = YES;
				CLANG_WARN_COMMA = YES;
				CLANG_WARN_CONSTANT_CONVERSION = YES;
				CLANG_WARN_DEPRECATED_OBJC_IMPLEMENTATIONS = YES;
				CLANG_WARN_DIRECT_OBJC_ISA_USAGE = YES_ERROR;
				CLANG_WARN_DOCUMENTATION_COMMENTS = YES;
				CLANG_WARN_EMPTY_BODY = YES;
				CLANG_WARN_ENUM_CONVERSION = YES;
				CLANG_WARN_INFINITE_RECURSION = YES;
				CLANG_WARN_INT_CONVERSION = YES;
				CLANG_WARN_NON_LITERAL_NULL_CONVERSION = YES;
				CLANG_WARN_OBJC_IMPLICIT_RETAIN_SELF = YES;
				CLANG_WARN_OBJC_LITERAL_CONVERSION = YES;
				CLANG_WARN_OBJC_ROOT_CLASS = YES_ERROR;
				CLANG_WARN_QUOTED_INCLUDE_IN_FRAMEWORK_HEADER = YES;
				CLANG_WARN_RANGE_LOOP_ANALYSIS = YES;
				CLANG_WARN_STRICT_PROTOTYPES = YES;
				CLANG_WARN_SUSPICIOUS_MOVE = YES;
				CLANG_WARN_UNGUARDED_AVAILABILITY = YES_AGGRESSIVE;
				CLANG_WARN_UNREACHABLE_CODE = YES;
				CLANG_WARN__DUPLICATE_METHOD_MATCH = YES;
				COPY_PHASE_STRIP = NO;
				DEBUG_INFORMATION_FORMAT = "dwarf-with-dsym";
				ENABLE_NS_ASSERTIONS = NO;
				ENABLE_STRICT_OBJC_MSGSEND = YES;
				ENABLE_USER_SCRIPT_SANDBOXING = YES;
				GCC_C_LANGUAGE_STANDARD = gnu17;
				GCC_NO_COMMON_BLOCKS = YES;
				GCC_WARN_64_TO_32_BIT_CONVERSION = YES;
				GCC_WARN_ABOUT_RETURN_TYPE = YES_ERROR;
				GCC_WARN_UNDECLARED_SELECTOR = YES;
				GCC_WARN_UNINITIALIZED_AUTOS = YES_AGGRESSIVE;
				GCC_WARN_UNUSED_FUNCTION = YES;
				GCC_WARN_UNUSED_VARIABLE = YES;
				LOCALIZATION_PREFERS_STRING_CATALOGS = YES;
				MTL_ENABLE_DEBUG_INFO = NO;
				MTL_FAST_MATH = YES;
				SWIFT_COMPILATION_MODE = wholemodule;
			};
			name = Release;
		};
		920E7F882B9258F100F6F63A /* Debug */ = {
			isa = XCBuildConfiguration;
			buildSettings = {
				ASSETCATALOG_COMPILER_APPICON_NAME = AppIcon;
				ASSETCATALOG_COMPILER_GLOBAL_ACCENT_COLOR_NAME = AccentColor;
				CODE_SIGN_ENTITLEMENTS = PizzaExpress/PizzaExpress.entitlements;
				CODE_SIGN_STYLE = Automatic;
				CURRENT_PROJECT_VERSION = 1;
				DEVELOPMENT_ASSET_PATHS = "\"PizzaExpress/Preview Content\"";
				DEVELOPMENT_TEAM = NPQY8VR5H8;
				ENABLE_HARDENED_RUNTIME = YES;
				ENABLE_PREVIEWS = YES;
				GENERATE_INFOPLIST_FILE = YES;
				"INFOPLIST_KEY_UIApplicationSceneManifest_Generation[sdk=iphoneos*]" = YES;
				"INFOPLIST_KEY_UIApplicationSceneManifest_Generation[sdk=iphonesimulator*]" = YES;
				"INFOPLIST_KEY_UIApplicationSupportsIndirectInputEvents[sdk=iphoneos*]" = YES;
				"INFOPLIST_KEY_UIApplicationSupportsIndirectInputEvents[sdk=iphonesimulator*]" = YES;
				"INFOPLIST_KEY_UILaunchScreen_Generation[sdk=iphoneos*]" = YES;
				"INFOPLIST_KEY_UILaunchScreen_Generation[sdk=iphonesimulator*]" = YES;
				"INFOPLIST_KEY_UIStatusBarStyle[sdk=iphoneos*]" = UIStatusBarStyleDefault;
				"INFOPLIST_KEY_UIStatusBarStyle[sdk=iphonesimulator*]" = UIStatusBarStyleDefault;
				INFOPLIST_KEY_UISupportedInterfaceOrientations_iPad = "UIInterfaceOrientationPortrait UIInterfaceOrientationPortraitUpsideDown UIInterfaceOrientationLandscapeLeft UIInterfaceOrientationLandscapeRight";
				INFOPLIST_KEY_UISupportedInterfaceOrientations_iPhone = "UIInterfaceOrientationPortrait UIInterfaceOrientationLandscapeLeft UIInterfaceOrientationLandscapeRight";
				IPHONEOS_DEPLOYMENT_TARGET = 17.0;
				LD_RUNPATH_SEARCH_PATHS = "@executable_path/Frameworks";
				"LD_RUNPATH_SEARCH_PATHS[sdk=macosx*]" = "@executable_path/../Frameworks";
				MACOSX_DEPLOYMENT_TARGET = 14.2;
				MARKETING_VERSION = 1.0;
				PRODUCT_BUNDLE_IDENTIFIER = com.xingguo.PizzaExpress;
				PRODUCT_NAME = "$(TARGET_NAME)";
				SDKROOT = auto;
				SUPPORTED_PLATFORMS = "iphoneos iphonesimulator macosx";
				SWIFT_EMIT_LOC_STRINGS = YES;
				SWIFT_VERSION = 5.0;
				TARGETED_DEVICE_FAMILY = "1,2";
			};
			name = Debug;
		};
		920E7F892B9258F100F6F63A /* Release */ = {
			isa = XCBuildConfiguration;
			buildSettings = {
				ASSETCATALOG_COMPILER_APPICON_NAME = AppIcon;
				ASSETCATALOG_COMPILER_GLOBAL_ACCENT_COLOR_NAME = AccentColor;
				CODE_SIGN_ENTITLEMENTS = PizzaExpress/PizzaExpress.entitlements;
				CODE_SIGN_STYLE = Automatic;
				CURRENT_PROJECT_VERSION = 1;
				DEVELOPMENT_ASSET_PATHS = "\"PizzaExpress/Preview Content\"";
				DEVELOPMENT_TEAM = NPQY8VR5H8;
				ENABLE_HARDENED_RUNTIME = YES;
				ENABLE_PREVIEWS = YES;
				GENERATE_INFOPLIST_FILE = YES;
				"INFOPLIST_KEY_UIApplicationSceneManifest_Generation[sdk=iphoneos*]" = YES;
				"INFOPLIST_KEY_UIApplicationSceneManifest_Generation[sdk=iphonesimulator*]" = YES;
				"INFOPLIST_KEY_UIApplicationSupportsIndirectInputEvents[sdk=iphoneos*]" = YES;
				"INFOPLIST_KEY_UIApplicationSupportsIndirectInputEvents[sdk=iphonesimulator*]" = YES;
				"INFOPLIST_KEY_UILaunchScreen_Generation[sdk=iphoneos*]" = YES;
				"INFOPLIST_KEY_UILaunchScreen_Generation[sdk=iphonesimulator*]" = YES;
				"INFOPLIST_KEY_UIStatusBarStyle[sdk=iphoneos*]" = UIStatusBarStyleDefault;
				"INFOPLIST_KEY_UIStatusBarStyle[sdk=iphonesimulator*]" = UIStatusBarStyleDefault;
				INFOPLIST_KEY_UISupportedInterfaceOrientations_iPad = "UIInterfaceOrientationPortrait UIInterfaceOrientationPortraitUpsideDown UIInterfaceOrientationLandscapeLeft UIInterfaceOrientationLandscapeRight";
				INFOPLIST_KEY_UISupportedInterfaceOrientations_iPhone = "UIInterfaceOrientationPortrait UIInterfaceOrientationLandscapeLeft UIInterfaceOrientationLandscapeRight";
				IPHONEOS_DEPLOYMENT_TARGET = 17.0;
				LD_RUNPATH_SEARCH_PATHS = "@executable_path/Frameworks";
				"LD_RUNPATH_SEARCH_PATHS[sdk=macosx*]" = "@executable_path/../Frameworks";
				MACOSX_DEPLOYMENT_TARGET = 14.2;
				MARKETING_VERSION = 1.0;
				PRODUCT_BUNDLE_IDENTIFIER = com.xingguo.PizzaExpress;
				PRODUCT_NAME = "$(TARGET_NAME)";
				SDKROOT = auto;
				SUPPORTED_PLATFORMS = "iphoneos iphonesimulator macosx";
				SWIFT_EMIT_LOC_STRINGS = YES;
				SWIFT_VERSION = 5.0;
				TARGETED_DEVICE_FAMILY = "1,2";
			};
			name = Release;
		};
/* End XCBuildConfiguration section */

/* Begin XCConfigurationList section */
		920E7F6E2B9258F000F6F63A /* Build configuration list for PBXProject "PizzaExpress" */ = {
			isa = XCConfigurationList;
			buildConfigurations = (
				920E7F852B9258F100F6F63A /* Debug */,
				920E7F862B9258F100F6F63A /* Release */,
			);
			defaultConfigurationIsVisible = 0;
			defaultConfigurationName = Release;
		};
		920E7F872B9258F100F6F63A /* Build configuration list for PBXNativeTarget "PizzaExpress" */ = {
			isa = XCConfigurationList;
			buildConfigurations = (
				920E7F882B9258F100F6F63A /* Debug */,
				920E7F892B9258F100F6F63A /* Release */,
			);
			defaultConfigurationIsVisible = 0;
			defaultConfigurationName = Release;
		};
/* End XCConfigurationList section */

/* Begin XCVersionGroup section */
		920E7F7A2B9258F000F6F63A /* PizzaExpress.xcdatamodeld */ = {
			isa = XCVersionGroup;
			children = (
				920E7F7B2B9258F000F6F63A /* PizzaExpress.xcdatamodel */,
			);
			currentVersion = 920E7F7B2B9258F000F6F63A /* PizzaExpress.xcdatamodel */;
			path = PizzaExpress.xcdatamodeld;
			sourceTree = "<group>";
			versionGroupType = wrapper.xcdatamodel;
		};
/* End XCVersionGroup section */
	};
	rootObject = 920E7F6B2B9258F000F6F63A /* Project object */;
}
